{
  "version": 4,
  "terraform_version": "1.3.7",
  "serial": 79,
  "lineage": "caac61e8-d988-1efb-64ae-3a22f27fdd29",
  "outputs": {
    "kubernetes_cluster_host": {
      "value": "35.193.229.58",
      "type": "string"
    },
    "kubernetes_cluster_name": {
      "value": "mythic-delight-377411-gke",
      "type": "string"
    },
    "project_id": {
      "value": "mythic-delight-377411",
      "type": "string"
    },
    "region": {
      "value": "us-central1",
      "type": "string"
    }
  },
  "resources": [
    {
      "mode": "managed",
      "type": "google_compute_network",
      "name": "vpc",
      "provider": "provider[\"registry.terraform.io/hashicorp/google\"]",
      "instances": [
        {
          "schema_version": 0,
          "attributes": {
            "auto_create_subnetworks": false,
            "delete_default_routes_on_create": false,
            "description": "",
            "enable_ula_internal_ipv6": false,
            "gateway_ipv4": "",
            "id": "projects/mythic-delight-377411/global/networks/mythic-delight-377411-vpc",
            "internal_ipv6_range": "",
            "mtu": 0,
            "name": "mythic-delight-377411-vpc",
            "project": "mythic-delight-377411",
            "routing_mode": "REGIONAL",
            "self_link": "https://www.googleapis.com/compute/v1/projects/mythic-delight-377411/global/networks/mythic-delight-377411-vpc",
            "timeouts": null
          },
          "sensitive_attributes": [],
          "private": "eyJlMmJmYjczMC1lY2FhLTExZTYtOGY4OC0zNDM2M2JjN2M0YzAiOnsiY3JlYXRlIjoxMjAwMDAwMDAwMDAwLCJkZWxldGUiOjEyMDAwMDAwMDAwMDAsInVwZGF0ZSI6MTIwMDAwMDAwMDAwMH19",
          "dependencies": [
            "google_project_service.compute",
            "google_project_service.container"
          ]
        }
      ]
    },
    {
      "mode": "managed",
      "type": "google_compute_subnetwork",
      "name": "subnet",
      "provider": "provider[\"registry.terraform.io/hashicorp/google\"]",
      "instances": [
        {
          "schema_version": 0,
          "attributes": {
            "creation_timestamp": "2023-02-10T06:46:49.227-08:00",
            "description": "",
            "external_ipv6_prefix": "",
            "fingerprint": null,
            "gateway_address": "10.10.0.1",
            "id": "projects/mythic-delight-377411/regions/us-central1/subnetworks/mythic-delight-377411-subnet",
            "ip_cidr_range": "10.10.0.0/24",
            "ipv6_access_type": "",
            "ipv6_cidr_range": "",
            "log_config": [],
            "name": "mythic-delight-377411-subnet",
            "network": "https://www.googleapis.com/compute/v1/projects/mythic-delight-377411/global/networks/mythic-delight-377411-vpc",
            "private_ip_google_access": false,
            "private_ipv6_google_access": "DISABLE_GOOGLE_ACCESS",
            "project": "mythic-delight-377411",
            "purpose": "PRIVATE",
            "region": "us-central1",
            "role": "",
            "secondary_ip_range": [],
            "self_link": "https://www.googleapis.com/compute/v1/projects/mythic-delight-377411/regions/us-central1/subnetworks/mythic-delight-377411-subnet",
            "stack_type": "IPV4_ONLY",
            "timeouts": null
          },
          "sensitive_attributes": [],
          "private": "eyJlMmJmYjczMC1lY2FhLTExZTYtOGY4OC0zNDM2M2JjN2M0YzAiOnsiY3JlYXRlIjoxMjAwMDAwMDAwMDAwLCJkZWxldGUiOjEyMDAwMDAwMDAwMDAsInVwZGF0ZSI6MTIwMDAwMDAwMDAwMH19",
          "dependencies": [
            "google_compute_network.vpc",
            "google_project_service.compute",
            "google_project_service.container"
          ]
        }
      ]
    },
    {
      "mode": "managed",
      "type": "google_container_cluster",
      "name": "primary",
      "provider": "provider[\"registry.terraform.io/hashicorp/google\"]",
      "instances": [
        {
          "schema_version": 1,
          "attributes": {
            "addons_config": [
              {
                "cloudrun_config": [],
                "gcp_filestore_csi_driver_config": [],
                "horizontal_pod_autoscaling": [],
                "http_load_balancing": [],
                "network_policy_config": [
                  {
                    "disabled": true
                  }
                ]
              }
            ],
            "authenticator_groups_config": [],
            "cluster_autoscaling": [
              {
                "auto_provisioning_defaults": [],
                "enabled": false,
                "resource_limits": []
              }
            ],
            "cluster_ipv4_cidr": "10.212.0.0/14",
            "confidential_nodes": [],
            "database_encryption": [
              {
                "key_name": "",
                "state": "DECRYPTED"
              }
            ],
            "datapath_provider": "",
            "default_max_pods_per_node": null,
            "default_snat_status": [
              {
                "disabled": false
              }
            ],
            "description": "",
            "dns_config": [],
            "enable_autopilot": false,
            "enable_binary_authorization": false,
            "enable_intranode_visibility": false,
            "enable_kubernetes_alpha": false,
            "enable_legacy_abac": false,
            "enable_shielded_nodes": true,
            "enable_tpu": false,
            "endpoint": "35.193.229.58",
            "id": "projects/mythic-delight-377411/locations/us-central1-c/clusters/mythic-delight-377411-gke",
            "initial_node_count": 1,
            "ip_allocation_policy": [],
            "label_fingerprint": "a9dc16a7",
            "location": "us-central1-c",
            "logging_config": [
              {
                "enable_components": [
                  "SYSTEM_COMPONENTS",
                  "WORKLOADS"
                ]
              }
            ],
            "logging_service": "logging.googleapis.com/kubernetes",
            "maintenance_policy": [],
            "master_auth": [
              {
                "client_certificate": "",
                "client_certificate_config": [
                  {
                    "issue_client_certificate": false
                  }
                ],
                "client_key": "",
                "cluster_ca_certificate": "LS0tLS1CRUdJTiBDRVJUSUZJQ0FURS0tLS0tCk1JSUVMVENDQXBXZ0F3SUJBZ0lSQU9vU0F2amdOa0o5VENWTG55ZFpKSDR3RFFZSktvWklodmNOQVFFTEJRQXcKTHpFdE1Dc0dBMVVFQXhNa01tRTFNemc0TXpRdFlqVTJNeTAwT1RjNUxXSmtPRFF0Tm1RMk9XVmlPR1ExWVRJdwpNQ0FYRFRJek1ESXhNREV6TkRjd01Wb1lEekl3TlRNd01qQXlNVFEwTnpBeFdqQXZNUzB3S3dZRFZRUURFeVF5CllUVXpPRGd6TkMxaU5UWXpMVFE1TnprdFltUTROQzAyWkRZNVpXSTRaRFZoTWpBd2dnR2lNQTBHQ1NxR1NJYjMKRFFFQkFRVUFBNElCandBd2dnR0tBb0lCZ1FDN21EelhDdlM2WWZIR21MMUZTa0dSMTRlZ2NHS3FPSlh4WnE0VAoyOXpENGJWSHQxYkR5WlVkNEFDOSs2V0FDQmJLNmZOTldCbXl0M1dGYjRIZVRnK1RveVRoaHV0dk9xQitoQURNCkhMdnlZeHRYUC9JS1lEYmJHdHJCVGtyakI4Yi90MWdTTlhzVWRRa0JYSUlYZCs4bTZGbHhhNnR2azNjTUxXTS8KUE14WGprT0syWDd2RmoyWnJuaHdWd3JFaTUwWjhuYWFCRk5GNkNQK2UveU5reWw5RExGMEl1ZHJFcXZzZVNxeAp2UkJqbjVpS1N3Z2hraTFUMitGMFVWWlNoRXp4UEV1eFVkd3RxV0lUMjlOVWRVOTljMGh0d1gxZUE2dmhFNkdpCjROTUVTQXdacjNEN1EydFFPSUEwUEV4N1d3K29zQlNmOTRGU2hNbTJ0bjQ3SkVEVFBpdVRMYlZsL1o5bDdYZkkKRCtRcVVXSDdiMXRQa21YN3Z1cnhkTE9FTVBxR1hMN0ZIY2R4RHRkbEZYSTluWlZVa0JQOThFUEt6M2FJdzcvcAorQjhkU3N6bGZpUXpSZTYramd0WmZJa2M4a3Q0SkJwL2piOU8vdUpUc2ExUVVNWWlzQWxCa3BHYXE0NDdSK0lSCkdIL055aG9hNERndUNYb3BVc0RpeDIrZkR3TUNBd0VBQWFOQ01FQXdEZ1lEVlIwUEFRSC9CQVFEQWdJRU1BOEcKQTFVZEV3RUIvd1FGTUFNQkFmOHdIUVlEVlIwT0JCWUVGQVRHUnhIQWtSWTBpSWlKZTVQK0doNXNaWXdkTUEwRwpDU3FHU0liM0RRRUJDd1VBQTRJQmdRQU9kNWNSRlNhcHc5ZkE2cGZvN1JRdkxMTmV3U0hmTDd6bkpJVXBDUnNnCjhBN1ZLUld6aDhVVEN4QzVHZVhDazZZRDdBUGxFUTh2V1lUWDhCVkFoVmNmcGdXalZHUXpZNFlibVFBVW80WUMKSkV6a1pBU0ZkWTl2VXl6TzRXaXNLVWo1RitEWWl6aW5wRnl1T21uVGt1a0JMUWF0NnNpZ1grWWJFYU1oS3ZYNAp2cHF5Umd0K2l4Wm5NQ0FMSi9hamNTN1hkR2gvMU93OEZZaFJMc080NmdwVFlJSWloc0tOSDQxeG5od01XZ3prCi8zcmlXdE1XelpHL3NZcEN6ZjhTcXNNTFJXN0t0UWZSTkgza0ZsckVLaUlDNjg4dXd0MzkvVGVrTlZkVk9TVUMKMUJSdzJmY29FZTFaOXkyaCtQeXFad2NHY2t0aGV3TTlsVEpEOWJpNmVWQ2ZYbGx5T3VZd1hKWk5Cam5JZ2x3UQpvQjNYaXFSdzZMZzdVNVlQM0M5Q25xNGVNUWxhbEdNN2dNUmwxZEhTcDYwRWJmVWtSciswcWxqWGlaS21UaS9oCmhPWXZjclpmTFlRSW55L3ZGWE10YVp2RUpEblNiOXJ0Y0NrRTlsUysyd1pRbVc4cXhZTUpwd1pxbFFTR3JyMzMKanlmUGtXUHNmMGJJSjlNWGtyK2dzQ3c9Ci0tLS0tRU5EIENFUlRJRklDQVRFLS0tLS0K"
              }
            ],
            "master_authorized_networks_config": [],
            "master_version": "1.24.8-gke.2000",
            "min_master_version": null,
            "monitoring_config": [
              {
                "enable_components": [
                  "SYSTEM_COMPONENTS"
                ]
              }
            ],
            "monitoring_service": "monitoring.googleapis.com/kubernetes",
            "name": "mythic-delight-377411-gke",
            "network": "projects/mythic-delight-377411/global/networks/mythic-delight-377411-vpc",
            "network_policy": [
              {
                "enabled": false,
                "provider": "PROVIDER_UNSPECIFIED"
              }
            ],
            "networking_mode": "ROUTES",
            "node_config": [],
            "node_locations": [],
            "node_pool": [],
            "node_version": "1.24.8-gke.2000",
            "operation": null,
            "private_cluster_config": [
              {
                "enable_private_endpoint": false,
                "enable_private_nodes": false,
                "master_global_access_config": [
                  {
                    "enabled": false
                  }
                ],
                "master_ipv4_cidr_block": "",
                "peering_name": "",
                "private_endpoint": "10.10.0.2",
                "public_endpoint": "35.193.229.58"
              }
            ],
            "private_ipv6_google_access": "",
            "project": "mythic-delight-377411",
            "release_channel": [
              {
                "channel": "REGULAR"
              }
            ],
            "remove_default_node_pool": true,
            "resource_labels": null,
            "resource_usage_export_config": [],
            "self_link": "https://container.googleapis.com/v1/projects/mythic-delight-377411/zones/us-central1-c/clusters/mythic-delight-377411-gke",
            "services_ipv4_cidr": "10.215.240.0/20",
            "subnetwork": "projects/mythic-delight-377411/regions/us-central1/subnetworks/mythic-delight-377411-subnet",
            "timeouts": null,
            "tpu_ipv4_cidr_block": "",
            "vertical_pod_autoscaling": [],
            "workload_identity_config": []
          },
          "sensitive_attributes": [],
          "private": "eyJlMmJmYjczMC1lY2FhLTExZTYtOGY4OC0zNDM2M2JjN2M0YzAiOnsiY3JlYXRlIjoyNDAwMDAwMDAwMDAwLCJkZWxldGUiOjI0MDAwMDAwMDAwMDAsInJlYWQiOjI0MDAwMDAwMDAwMDAsInVwZGF0ZSI6MzYwMDAwMDAwMDAwMH0sInNjaGVtYV92ZXJzaW9uIjoiMSJ9",
          "dependencies": [
            "google_compute_network.vpc",
            "google_compute_subnetwork.subnet",
            "google_project_service.compute",
            "google_project_service.container"
          ]
        }
      ]
    },
    {
      "mode": "managed",
      "type": "google_container_node_pool",
      "name": "primary_nodes",
      "provider": "provider[\"registry.terraform.io/hashicorp/google\"]",
      "instances": [
        {
          "schema_version": 1,
          "attributes": {
            "autoscaling": [],
            "cluster": "mythic-delight-377411-gke",
            "id": "projects/mythic-delight-377411/locations/us-central1-c/clusters/mythic-delight-377411-gke/nodePools/mythic-delight-377411-gke",
            "initial_node_count": 2,
            "instance_group_urls": [
              "https://www.googleapis.com/compute/v1/projects/mythic-delight-377411/zones/us-central1-c/instanceGroupManagers/gke-mythic-delight-3-mythic-delight-3-e873f82c-grp"
            ],
            "location": "us-central1-c",
            "managed_instance_group_urls": [
              "https://www.googleapis.com/compute/v1/projects/mythic-delight-377411/zones/us-central1-c/instanceGroups/gke-mythic-delight-3-mythic-delight-3-e873f82c-grp"
            ],
            "management": [
              {
                "auto_repair": true,
                "auto_upgrade": true
              }
            ],
            "max_pods_per_node": null,
            "name": "mythic-delight-377411-gke",
            "name_prefix": "",
            "node_config": [
              {
                "boot_disk_kms_key": "",
                "disk_size_gb": 100,
                "disk_type": "pd-balanced",
                "gcfs_config": [],
                "guest_accelerator": [],
                "gvnic": [],
                "image_type": "COS_CONTAINERD",
                "labels": {
                  "env": "mythic-delight-377411"
                },
                "local_ssd_count": 0,
                "machine_type": "e2-medium",
                "metadata": {
                  "disable-legacy-endpoints": "true"
                },
                "min_cpu_platform": "",
                "node_group": "",
                "oauth_scopes": [
                  "https://www.googleapis.com/auth/logging.write",
                  "https://www.googleapis.com/auth/monitoring"
                ],
                "preemptible": false,
                "service_account": "default",
                "shielded_instance_config": [
                  {
                    "enable_integrity_monitoring": true,
                    "enable_secure_boot": false
                  }
                ],
                "spot": false,
                "tags": [
                  "gke-node",
                  "mythic-delight-377411-gke"
                ],
                "taint": [],
                "workload_metadata_config": []
              }
            ],
            "node_count": 2,
            "node_locations": [
              "us-central1-c"
            ],
            "operation": null,
            "project": "mythic-delight-377411",
            "timeouts": null,
            "upgrade_settings": [
              {
                "max_surge": 1,
                "max_unavailable": 0
              }
            ],
            "version": "1.24.8-gke.2000"
          },
          "sensitive_attributes": [],
          "private": "eyJlMmJmYjczMC1lY2FhLTExZTYtOGY4OC0zNDM2M2JjN2M0YzAiOnsiY3JlYXRlIjoxODAwMDAwMDAwMDAwLCJkZWxldGUiOjE4MDAwMDAwMDAwMDAsInVwZGF0ZSI6MTgwMDAwMDAwMDAwMH0sInNjaGVtYV92ZXJzaW9uIjoiMSJ9",
          "dependencies": [
            "google_compute_network.vpc",
            "google_compute_subnetwork.subnet",
            "google_container_cluster.primary",
            "google_project_service.compute",
            "google_project_service.container"
          ]
        }
      ]
    },
    {
      "mode": "managed",
      "type": "google_project_service",
      "name": "compute",
      "provider": "provider[\"registry.terraform.io/hashicorp/google\"]",
      "instances": [
        {
          "schema_version": 0,
          "attributes": {
            "disable_dependent_services": null,
            "disable_on_destroy": true,
            "id": "mythic-delight-377411/compute.googleapis.com",
            "project": "mythic-delight-377411",
            "service": "compute.googleapis.com",
            "timeouts": null
          },
          "sensitive_attributes": [],
          "private": "eyJlMmJmYjczMC1lY2FhLTExZTYtOGY4OC0zNDM2M2JjN2M0YzAiOnsiY3JlYXRlIjoxMjAwMDAwMDAwMDAwLCJkZWxldGUiOjEyMDAwMDAwMDAwMDAsInJlYWQiOjYwMDAwMDAwMDAwMCwidXBkYXRlIjoxMjAwMDAwMDAwMDAwfX0="
        }
      ]
    },
    {
      "mode": "managed",
      "type": "google_project_service",
      "name": "container",
      "provider": "provider[\"registry.terraform.io/hashicorp/google\"]",
      "instances": [
        {
          "schema_version": 0,
          "attributes": {
            "disable_dependent_services": null,
            "disable_on_destroy": true,
            "id": "mythic-delight-377411/container.googleapis.com",
            "project": "mythic-delight-377411",
            "service": "container.googleapis.com",
            "timeouts": null
          },
          "sensitive_attributes": [],
          "private": "eyJlMmJmYjczMC1lY2FhLTExZTYtOGY4OC0zNDM2M2JjN2M0YzAiOnsiY3JlYXRlIjoxMjAwMDAwMDAwMDAwLCJkZWxldGUiOjEyMDAwMDAwMDAwMDAsInJlYWQiOjYwMDAwMDAwMDAwMCwidXBkYXRlIjoxMjAwMDAwMDAwMDAwfX0="
        }
      ]
    }
  ],
  "check_results": null
}
